
Microsoft Visual Studio Solution File, Format Version 12.00
# Visual Studio Version 16
VisualStudioVersion = 16.0.30503.244
MinimumVisualStudioVersion = 10.0.40219.1
Project("{FAE04EC0-301F-11D3-BF4B-00C04F79EFBC}") = "Consoletest", "Consoletest\Consoletest.csproj", "{4A326AA1-2830-428A-B0E3-2D7014B04297}"
EndProject
Global
	GlobalSection(SolutionConfigurationPlatforms) = preSolution
		Debug|Any CPU = Debug|Any CPU
		Release|Any CPU = Release|Any CPU
	EndGlobalSection
	GlobalSection(ProjectConfigurationPlatforms) = postSolution
		{4A326AA1-2830-428A-B0E3-2D7014B04297}.Debug|Any CPU.ActiveCfg = Debug|Any CPU
		{4A326AA1-2830-428A-B0E3-2D7014B04297}.Debug|Any CPU.Build.0 = Debug|Any CPU
		{4A326AA1-2830-428A-B0E3-2D7014B04297}.Release|Any CPU.ActiveCfg = Release|Any CPU
		{4A326AA1-2830-428A-B0E3-2D7014B04297}.Release|Any CPU.Build.0 = Release|Any CPU
	EndGlobalSection
	GlobalSection(SolutionProperties) = preSolution
		HideSolutionNode = FALSE
	EndGlobalSection
	GlobalSection(ExtensibilityGlobals) = postSolution
		SolutionGuid = {1FF1A4F8-35CB-4CB8-AD99-A65EA2C84F6E}
	EndGlobalSection
EndGlobal
